// !$*UTF8*$!
{
	archiveVersion = 1;
	classes = {
	};
	objectVersion = 56;
	objects = {

/* Begin PBXBuildFile section */
		1F0EC694291E9EAB00648680 /* AddKatagoryCollectionViewCell.swift in Sources */ = {isa = PBXBuildFile; fileRef = 1F0EC693291E9EAB00648680 /* AddKatagoryCollectionViewCell.swift */; };
		1F190378291B9DBC008D5C0C /* RunScreenViewController.swift in Sources */ = {isa = PBXBuildFile; fileRef = 1F190377291B9DBC008D5C0C /* RunScreenViewController.swift */; };
		1F19037A291BA6A8008D5C0C /* AddCatagoryViewController.swift in Sources */ = {isa = PBXBuildFile; fileRef = 1F190379291BA6A8008D5C0C /* AddCatagoryViewController.swift */; };
		1F19037C291BA6C8008D5C0C /* HistoryViewController.swift in Sources */ = {isa = PBXBuildFile; fileRef = 1F19037B291BA6C8008D5C0C /* HistoryViewController.swift */; };
		1F3CFE9D2919534400711122 /* AppDelegate.swift in Sources */ = {isa = PBXBuildFile; fileRef = 1F3CFE9C2919534400711122 /* AppDelegate.swift */; };
		1F3CFE9F2919534400711122 /* SceneDelegate.swift in Sources */ = {isa = PBXBuildFile; fileRef = 1F3CFE9E2919534400711122 /* SceneDelegate.swift */; };
		1F3CFEA12919534400711122 /* ViewController.swift in Sources */ = {isa = PBXBuildFile; fileRef = 1F3CFEA02919534400711122 /* ViewController.swift */; };
		1F3CFEA42919534400711122 /* Main.storyboard in Resources */ = {isa = PBXBuildFile; fileRef = 1F3CFEA22919534400711122 /* Main.storyboard */; };
		1F3CFEA72919534400711122 /* Time_Tracker.xcdatamodeld in Sources */ = {isa = PBXBuildFile; fileRef = 1F3CFEA52919534400711122 /* Time_Tracker.xcdatamodeld */; };
		1F3CFEA92919534900711122 /* Assets.xcassets in Resources */ = {isa = PBXBuildFile; fileRef = 1F3CFEA82919534900711122 /* Assets.xcassets */; };
		1F3CFEAC2919534900711122 /* LaunchScreen.storyboard in Resources */ = {isa = PBXBuildFile; fileRef = 1F3CFEAA2919534900711122 /* LaunchScreen.storyboard */; };
		1F3CFEB72919534A00711122 /* Time_TrackerTests.swift in Sources */ = {isa = PBXBuildFile; fileRef = 1F3CFEB62919534A00711122 /* Time_TrackerTests.swift */; };
		1F3CFEC12919534A00711122 /* Time_TrackerUITests.swift in Sources */ = {isa = PBXBuildFile; fileRef = 1F3CFEC02919534A00711122 /* Time_TrackerUITests.swift */; };
		1F3CFEC32919534A00711122 /* Time_TrackerUITestsLaunchTests.swift in Sources */ = {isa = PBXBuildFile; fileRef = 1F3CFEC22919534A00711122 /* Time_TrackerUITestsLaunchTests.swift */; };
		1F6D6C8F291D7A510003493C /* HistoryTableViewCell.swift in Sources */ = {isa = PBXBuildFile; fileRef = 1F6D6C8E291D7A510003493C /* HistoryTableViewCell.swift */; };
		1F6D6C91291D7D490003493C /* ProjectHistory.swift in Sources */ = {isa = PBXBuildFile; fileRef = 1F6D6C90291D7D490003493C /* ProjectHistory.swift */; };
		1F7D267B29268BE00082E1D1 /* Toast.swift in Sources */ = {isa = PBXBuildFile; fileRef = 1F7D267A29268BE00082E1D1 /* Toast.swift */; };
		1FC61AEA291AD0F2000A5105 /* loginViewController.swift in Sources */ = {isa = PBXBuildFile; fileRef = 1FC61AE9291AD0F2000A5105 /* loginViewController.swift */; };
		1FC61AEC291AD12E000A5105 /* CreateAccountViewController.swift in Sources */ = {isa = PBXBuildFile; fileRef = 1FC61AEB291AD12E000A5105 /* CreateAccountViewController.swift */; };
		1FDE36992922912C00EDC08C /* ProjectTableViewCell.swift in Sources */ = {isa = PBXBuildFile; fileRef = 1FDE36982922912C00EDC08C /* ProjectTableViewCell.swift */; };
/* End PBXBuildFile section */

/* Begin PBXContainerItemProxy section */
		1F3CFEB32919534A00711122 /* PBXContainerItemProxy */ = {
			isa = PBXContainerItemProxy;
			containerPortal = 1F3CFE912919534400711122 /* Project object */;
			proxyType = 1;
			remoteGlobalIDString = 1F3CFE982919534400711122;
			remoteInfo = "Time Tracker";
		};
		1F3CFEBD2919534A00711122 /* PBXContainerItemProxy */ = {
			isa = PBXContainerItemProxy;
			containerPortal = 1F3CFE912919534400711122 /* Project object */;
			proxyType = 1;
			remoteGlobalIDString = 1F3CFE982919534400711122;
			remoteInfo = "Time Tracker";
		};
/* End PBXContainerItemProxy section */

/* Begin PBXFileReference section */
		1F0EC693291E9EAB00648680 /* AddKatagoryCollectionViewCell.swift */ = {isa = PBXFileReference; lastKnownFileType = sourcecode.swift; path = AddKatagoryCollectionViewCell.swift; sourceTree = "<group>"; };
		1F190377291B9DBC008D5C0C /* RunScreenViewController.swift */ = {isa = PBXFileReference; lastKnownFileType = sourcecode.swift; path = RunScreenViewController.swift; sourceTree = "<group>"; };
		1F190379291BA6A8008D5C0C /* AddCatagoryViewController.swift */ = {isa = PBXFileReference; lastKnownFileType = sourcecode.swift; path = AddCatagoryViewController.swift; sourceTree = "<group>"; };
		1F19037B291BA6C8008D5C0C /* HistoryViewController.swift */ = {isa = PBXFileReference; lastKnownFileType = sourcecode.swift; path = HistoryViewController.swift; sourceTree = "<group>"; };
		1F3CFE992919534400711122 /* Time Tracker.app */ = {isa = PBXFileReference; explicitFileType = wrapper.application; includeInIndex = 0; path = "Time Tracker.app"; sourceTree = BUILT_PRODUCTS_DIR; };
		1F3CFE9C2919534400711122 /* AppDelegate.swift */ = {isa = PBXFileReference; lastKnownFileType = sourcecode.swift; path = AppDelegate.swift; sourceTree = "<group>"; };
		1F3CFE9E2919534400711122 /* SceneDelegate.swift */ = {isa = PBXFileReference; lastKnownFileType = sourcecode.swift; path = SceneDelegate.swift; sourceTree = "<group>"; };
		1F3CFEA02919534400711122 /* ViewController.swift */ = {isa = PBXFileReference; lastKnownFileType = sourcecode.swift; path = ViewController.swift; sourceTree = "<group>"; };
		1F3CFEA32919534400711122 /* Base */ = {isa = PBXFileReference; lastKnownFileType = file.storyboard; name = Base; path = Base.lproj/Main.storyboard; sourceTree = "<group>"; };
		1F3CFEA62919534400711122 /* Time_Tracker.xcdatamodel */ = {isa = PBXFileReference; lastKnownFileType = wrapper.xcdatamodel; path = Time_Tracker.xcdatamodel; sourceTree = "<group>"; };
		1F3CFEA82919534900711122 /* Assets.xcassets */ = {isa = PBXFileReference; lastKnownFileType = folder.assetcatalog; path = Assets.xcassets; sourceTree = "<group>"; };
		1F3CFEAB2919534900711122 /* Base */ = {isa = PBXFileReference; lastKnownFileType = file.storyboard; name = Base; path = Base.lproj/LaunchScreen.storyboard; sourceTree = "<group>"; };
		1F3CFEAD2919534900711122 /* Info.plist */ = {isa = PBXFileReference; lastKnownFileType = text.plist.xml; path = Info.plist; sourceTree = "<group>"; };
		1F3CFEB22919534A00711122 /* Time TrackerTests.xctest */ = {isa = PBXFileReference; explicitFileType = wrapper.cfbundle; includeInIndex = 0; path = "Time TrackerTests.xctest"; sourceTree = BUILT_PRODUCTS_DIR; };
		1F3CFEB62919534A00711122 /* Time_TrackerTests.swift */ = {isa = PBXFileReference; lastKnownFileType = sourcecode.swift; path = Time_TrackerTests.swift; sourceTree = "<group>"; };
		1F3CFEBC2919534A00711122 /* Time TrackerUITests.xctest */ = {isa = PBXFileReference; explicitFileType = wrapper.cfbundle; includeInIndex = 0; path = "Time TrackerUITests.xctest"; sourceTree = BUILT_PRODUCTS_DIR; };
		1F3CFEC02919534A00711122 /* Time_TrackerUITests.swift */ = {isa = PBXFileReference; lastKnownFileType = sourcecode.swift; path = Time_TrackerUITests.swift; sourceTree = "<group>"; };
		1F3CFEC22919534A00711122 /* Time_TrackerUITestsLaunchTests.swift */ = {isa = PBXFileReference; lastKnownFileType = sourcecode.swift; path = Time_TrackerUITestsLaunchTests.swift; sourceTree = "<group>"; };
		1F6D6C8E291D7A510003493C /* HistoryTableViewCell.swift */ = {isa = PBXFileReference; lastKnownFileType = sourcecode.swift; path = HistoryTableViewCell.swift; sourceTree = "<group>"; };
		1F6D6C90291D7D490003493C /* ProjectHistory.swift */ = {isa = PBXFileReference; lastKnownFileType = sourcecode.swift; path = ProjectHistory.swift; sourceTree = "<group>"; };
		1F7D267A29268BE00082E1D1 /* Toast.swift */ = {isa = PBXFileReference; lastKnownFileType = sourcecode.swift; path = Toast.swift; sourceTree = "<group>"; };
		1FC61AE9291AD0F2000A5105 /* loginViewController.swift */ = {isa = PBXFileReference; lastKnownFileType = sourcecode.swift; path = loginViewController.swift; sourceTree = "<group>"; };
		1FC61AEB291AD12E000A5105 /* CreateAccountViewController.swift */ = {isa = PBXFileReference; lastKnownFileType = sourcecode.swift; path = CreateAccountViewController.swift; sourceTree = "<group>"; };
		1FDE36982922912C00EDC08C /* ProjectTableViewCell.swift */ = {isa = PBXFileReference; lastKnownFileType = sourcecode.swift; path = ProjectTableViewCell.swift; sourceTree = "<group>"; };
/* End PBXFileReference section */

/* Begin PBXFrameworksBuildPhase section */
		1F3CFE962919534400711122 /* Frameworks */ = {
			isa = PBXFrameworksBuildPhase;
			buildActionMask = 2147483647;
			files = (
			);
			runOnlyForDeploymentPostprocessing = 0;
		};
		1F3CFEAF2919534A00711122 /* Frameworks */ = {
			isa = PBXFrameworksBuildPhase;
			buildActionMask = 2147483647;
			files = (
			);
			runOnlyForDeploymentPostprocessing = 0;
		};
		1F3CFEB92919534A00711122 /* Frameworks */ = {
			isa = PBXFrameworksBuildPhase;
			buildActionMask = 2147483647;
			files = (
			);
			runOnlyForDeploymentPostprocessing = 0;
		};
/* End PBXFrameworksBuildPhase section */

/* Begin PBXGroup section */
		1F3CFE902919534400711122 = {
			isa = PBXGroup;
			children = (
				1F3CFE9B2919534400711122 /* Time Tracker */,
				1F3CFEB52919534A00711122 /* Time TrackerTests */,
				1F3CFEBF2919534A00711122 /* Time TrackerUITests */,
				1F3CFE9A2919534400711122 /* Products */,
			);
			sourceTree = "<group>";
		};
		1F3CFE9A2919534400711122 /* Products */ = {
			isa = PBXGroup;
			children = (
				1F3CFE992919534400711122 /* Time Tracker.app */,
				1F3CFEB22919534A00711122 /* Time TrackerTests.xctest */,
				1F3CFEBC2919534A00711122 /* Time TrackerUITests.xctest */,
			);
			name = Products;
			sourceTree = "<group>";
		};
		1F3CFE9B2919534400711122 /* Time Tracker */ = {
			isa = PBXGroup;
			children = (
				1F3CFE9C2919534400711122 /* AppDelegate.swift */,
				1F3CFE9E2919534400711122 /* SceneDelegate.swift */,
				1F3CFEA02919534400711122 /* ViewController.swift */,
				1F3CFEA22919534400711122 /* Main.storyboard */,
				1F3CFEA82919534900711122 /* Assets.xcassets */,
				1F3CFEAA2919534900711122 /* LaunchScreen.storyboard */,
				1F3CFEAD2919534900711122 /* Info.plist */,
				1F3CFEA52919534400711122 /* Time_Tracker.xcdatamodeld */,
				1FC61AE9291AD0F2000A5105 /* loginViewController.swift */,
				1FC61AEB291AD12E000A5105 /* CreateAccountViewController.swift */,
				1F190377291B9DBC008D5C0C /* RunScreenViewController.swift */,
				1F190379291BA6A8008D5C0C /* AddCatagoryViewController.swift */,
				1F19037B291BA6C8008D5C0C /* HistoryViewController.swift */,
				1F6D6C8E291D7A510003493C /* HistoryTableViewCell.swift */,
				1F6D6C90291D7D490003493C /* ProjectHistory.swift */,
				1F0EC693291E9EAB00648680 /* AddKatagoryCollectionViewCell.swift */,
				1FDE36982922912C00EDC08C /* ProjectTableViewCell.swift */,
				1F7D267A29268BE00082E1D1 /* Toast.swift */,
			);
			path = "Time Tracker";
			sourceTree = "<group>";
		};
		1F3CFEB52919534A00711122 /* Time TrackerTests */ = {
			isa = PBXGroup;
			children = (
				1F3CFEB62919534A00711122 /* Time_TrackerTests.swift */,
			);
			path = "Time TrackerTests";
			sourceTree = "<group>";
		};
		1F3CFEBF2919534A00711122 /* Time TrackerUITests */ = {
			isa = PBXGroup;
			children = (
				1F3CFEC02919534A00711122 /* Time_TrackerUITests.swift */,
				1F3CFEC22919534A00711122 /* Time_TrackerUITestsLaunchTests.swift */,
			);
			path = "Time TrackerUITests";
			sourceTree = "<group>";
		};
/* End PBXGroup section */

/* Begin PBXNativeTarget section */
		1F3CFE982919534400711122 /* Time Tracker */ = {
			isa = PBXNativeTarget;
			buildConfigurationList = 1F3CFEC62919534A00711122 /* Build configuration list for PBXNativeTarget "Time Tracker" */;
			buildPhases = (
				1F3CFE952919534400711122 /* Sources */,
				1F3CFE962919534400711122 /* Frameworks */,
				1F3CFE972919534400711122 /* Resources */,
			);
			buildRules = (
			);
			dependencies = (
			);
			name = "Time Tracker";
			productName = "Time Tracker";
			productReference = 1F3CFE992919534400711122 /* Time Tracker.app */;
			productType = "com.apple.product-type.application";
		};
		1F3CFEB12919534A00711122 /* Time TrackerTests */ = {
			isa = PBXNativeTarget;
			buildConfigurationList = 1F3CFEC92919534A00711122 /* Build configuration list for PBXNativeTarget "Time TrackerTests" */;
			buildPhases = (
				1F3CFEAE2919534A00711122 /* Sources */,
				1F3CFEAF2919534A00711122 /* Frameworks */,
				1F3CFEB02919534A00711122 /* Resources */,
			);
			buildRules = (
			);
			dependencies = (
				1F3CFEB42919534A00711122 /* PBXTargetDependency */,
			);
			name = "Time TrackerTests";
			productName = "Time TrackerTests";
			productReference = 1F3CFEB22919534A00711122 /* Time TrackerTests.xctest */;
			productType = "com.apple.product-type.bundle.unit-test";
		};
		1F3CFEBB2919534A00711122 /* Time TrackerUITests */ = {
			isa = PBXNativeTarget;
			buildConfigurationList = 1F3CFECC2919534A00711122 /* Build configuration list for PBXNativeTarget "Time TrackerUITests" */;
			buildPhases = (
				1F3CFEB82919534A00711122 /* Sources */,
				1F3CFEB92919534A00711122 /* Frameworks */,
				1F3CFEBA2919534A00711122 /* Resources */,
			);
			buildRules = (
			);
			dependencies = (
				1F3CFEBE2919534A00711122 /* PBXTargetDependency */,
			);
			name = "Time TrackerUITests";
			productName = "Time TrackerUITests";
			productReference = 1F3CFEBC2919534A00711122 /* Time TrackerUITests.xctest */;
			productType = "com.apple.product-type.bundle.ui-testing";
		};
/* End PBXNativeTarget section */

/* Begin PBXProject section */
		1F3CFE912919534400711122 /* Project object */ = {
			isa = PBXProject;
			attributes = {
				BuildIndependentTargetsInParallel = 1;
				LastSwiftUpdateCheck = 1400;
				LastUpgradeCheck = 1400;
				TargetAttributes = {
					1F3CFE982919534400711122 = {
						CreatedOnToolsVersion = 14.0.1;
					};
					1F3CFEB12919534A00711122 = {
						CreatedOnToolsVersion = 14.0.1;
						TestTargetID = 1F3CFE982919534400711122;
					};
					1F3CFEBB2919534A00711122 = {
						CreatedOnToolsVersion = 14.0.1;
						TestTargetID = 1F3CFE982919534400711122;
					};
				};
			};
			buildConfigurationList = 1F3CFE942919534400711122 /* Build configuration list for PBXProject "Time Tracker" */;
			compatibilityVersion = "Xcode 14.0";
			developmentRegion = en;
			hasScannedForEncodings = 0;
			knownRegions = (
				en,
				Base,
			);
			mainGroup = 1F3CFE902919534400711122;
			productRefGroup = 1F3CFE9A2919534400711122 /* Products */;
			projectDirPath = "";
			projectRoot = "";
			targets = (
				1F3CFE982919534400711122 /* Time Tracker */,
				1F3CFEB12919534A00711122 /* Time TrackerTests */,
				1F3CFEBB2919534A00711122 /* Time TrackerUITests */,
			);
		};
/* End PBXProject section */

/* Begin PBXResourcesBuildPhase section */
		1F3CFE972919534400711122 /* Resources */ = {
			isa = PBXResourcesBuildPhase;
			buildActionMask = 2147483647;
			files = (
				1F3CFEAC2919534900711122 /* LaunchScreen.storyboard in Resources */,
				1F3CFEA92919534900711122 /* Assets.xcassets in Resources */,
				1F3CFEA42919534400711122 /* Main.storyboard in Resources */,
			);
			runOnlyForDeploymentPostprocessing = 0;
		};
		1F3CFEB02919534A00711122 /* Resources */ = {
			isa = PBXResourcesBuildPhase;
			buildActionMask = 2147483647;
			files = (
			);
			runOnlyForDeploymentPostprocessing = 0;
		};
		1F3CFEBA2919534A00711122 /* Resources */ = {
			isa = PBXResourcesBuildPhase;
			buildActionMask = 2147483647;
			files = (
			);
			runOnlyForDeploymentPostprocessing = 0;
		};
/* End PBXResourcesBuildPhase section */

/* Begin PBXSourcesBuildPhase section */
		1F3CFE952919534400711122 /* Sources */ = {
			isa = PBXSourcesBuildPhase;
			buildActionMask = 2147483647;
			files = (
				1F6D6C91291D7D490003493C /* ProjectHistory.swift in Sources */,
				1FC61AEC291AD12E000A5105 /* CreateAccountViewController.swift in Sources */,
				1F190378291B9DBC008D5C0C /* RunScreenViewController.swift in Sources */,
				1FDE36992922912C00EDC08C /* ProjectTableViewCell.swift in Sources */,
				1F3CFEA12919534400711122 /* ViewController.swift in Sources */,
				1F3CFE9D2919534400711122 /* AppDelegate.swift in Sources */,
				1F6D6C8F291D7A510003493C /* HistoryTableViewCell.swift in Sources */,
				1F19037A291BA6A8008D5C0C /* AddCatagoryViewController.swift in Sources */,
				1F3CFE9F2919534400711122 /* SceneDelegate.swift in Sources */,
				1F0EC694291E9EAB00648680 /* AddKatagoryCollectionViewCell.swift in Sources */,
				1F19037C291BA6C8008D5C0C /* HistoryViewController.swift in Sources */,
				1F3CFEA72919534400711122 /* Time_Tracker.xcdatamodeld in Sources */,
				1FC61AEA291AD0F2000A5105 /* loginViewController.swift in Sources */,
				1F7D267B29268BE00082E1D1 /* Toast.swift in Sources */,
			);
			runOnlyForDeploymentPostprocessing = 0;
		};
		1F3CFEAE2919534A00711122 /* Sources */ = {
			isa = PBXSourcesBuildPhase;
			buildActionMask = 2147483647;
			files = (
				1F3CFEB72919534A00711122 /* Time_TrackerTests.swift in Sources */,
			);
			runOnlyForDeploymentPostprocessing = 0;
		};
		1F3CFEB82919534A00711122 /* Sources */ = {
			isa = PBXSourcesBuildPhase;
			buildActionMask = 2147483647;
			files = (
				1F3CFEC32919534A00711122 /* Time_TrackerUITestsLaunchTests.swift in Sources */,
				1F3CFEC12919534A00711122 /* Time_TrackerUITests.swift in Sources */,
			);
			runOnlyForDeploymentPostprocessing = 0;
		};
/* End PBXSourcesBuildPhase section */

/* Begin PBXTargetDependency section */
		1F3CFEB42919534A00711122 /* PBXTargetDependency */ = {
			isa = PBXTargetDependency;
			target = 1F3CFE982919534400711122 /* Time Tracker */;
			targetProxy = 1F3CFEB32919534A00711122 /* PBXContainerItemProxy */;
		};
		1F3CFEBE2919534A00711122 /* PBXTargetDependency */ = {
			isa = PBXTargetDependency;
			target = 1F3CFE982919534400711122 /* Time Tracker */;
			targetProxy = 1F3CFEBD2919534A00711122 /* PBXContainerItemProxy */;
		};
/* End PBXTargetDependency section */

/* Begin PBXVariantGroup section */
		1F3CFEA22919534400711122 /* Main.storyboard */ = {
			isa = PBXVariantGroup;
			children = (
				1F3CFEA32919534400711122 /* Base */,
			);
			name = Main.storyboard;
			sourceTree = "<group>";
		};
		1F3CFEAA2919534900711122 /* LaunchScreen.storyboard */ = {
			isa = PBXVariantGroup;
			children = (
				1F3CFEAB2919534900711122 /* Base */,
			);
			name = LaunchScreen.storyboard;
			sourceTree = "<group>";
		};
/* End PBXVariantGroup section */

/* Begin XCBuildConfiguration section */
		1F3CFEC42919534A00711122 /* Debug */ = {
			isa = XCBuildConfiguration;
			buildSettings = {
				ALWAYS_SEARCH_USER_PATHS = NO;
				CLANG_ANALYZER_NONNULL = YES;
				CLANG_ANALYZER_NUMBER_OBJECT_CONVERSION = YES_AGGRESSIVE;
				CLANG_CXX_LANGUAGE_STANDARD = "gnu++20";
				CLANG_ENABLE_MODULES = YES;
				CLANG_ENABLE_OBJC_ARC = YES;
				CLANG_ENABLE_OBJC_WEAK = YES;
				CLANG_WARN_BLOCK_CAPTURE_AUTORELEASING = YES;
				CLANG_WARN_BOOL_CONVERSION = YES;
				CLANG_WARN_COMMA = YES;
				CLANG_WARN_CONSTANT_CONVERSION = YES;
				CLANG_WARN_DEPRECATED_OBJC_IMPLEMENTATIONS = YES;
				CLANG_WARN_DIRECT_OBJC_ISA_USAGE = YES_ERROR;
				CLANG_WARN_DOCUMENTATION_COMMENTS = YES;
				CLANG_WARN_EMPTY_BODY = YES;
				CLANG_WARN_ENUM_CONVERSION = YES;
				CLANG_WARN_INFINITE_RECURSION = YES;
				CLANG_WARN_INT_CONVERSION = YES;
				CLANG_WARN_NON_LITERAL_NULL_CONVERSION = YES;
				CLANG_WARN_OBJC_IMPLICIT_RETAIN_SELF = YES;
				CLANG_WARN_OBJC_LITERAL_CONVERSION = YES;
				CLANG_WARN_OBJC_ROOT_CLASS = YES_ERROR;
				CLANG_WARN_QUOTED_INCLUDE_IN_FRAMEWORK_HEADER = YES;
				CLANG_WARN_RANGE_LOOP_ANALYSIS = YES;
				CLANG_WARN_STRICT_PROTOTYPES = YES;
				CLANG_WARN_SUSPICIOUS_MOVE = YES;
				CLANG_WARN_UNGUARDED_AVAILABILITY = YES_AGGRESSIVE;
				CLANG_WARN_UNREACHABLE_CODE = YES;
				CLANG_WARN__DUPLICATE_METHOD_MATCH = YES;
				COPY_PHASE_STRIP = NO;
				DEBUG_INFORMATION_FORMAT = dwarf;
				ENABLE_STRICT_OBJC_MSGSEND = YES;
				ENABLE_TESTABILITY = YES;
				GCC_C_LANGUAGE_STANDARD = gnu11;
				GCC_DYNAMIC_NO_PIC = NO;
				GCC_NO_COMMON_BLOCKS = YES;
				GCC_OPTIMIZATION_LEVEL = 0;
				GCC_PREPROCESSOR_DEFINITIONS = (
					"DEBUG=1",
					"$(inherited)",
				);
				GCC_WARN_64_TO_32_BIT_CONVERSION = YES;
				GCC_WARN_ABOUT_RETURN_TYPE = YES_ERROR;
				GCC_WARN_UNDECLARED_SELECTOR = YES;
				GCC_WARN_UNINITIALIZED_AUTOS = YES_AGGRESSIVE;
				GCC_WARN_UNUSED_FUNCTION = YES;
				GCC_WARN_UNUSED_VARIABLE = YES;
				IPHONEOS_DEPLOYMENT_TARGET = 16.0;
				MTL_ENABLE_DEBUG_INFO = INCLUDE_SOURCE;
				MTL_FAST_MATH = YES;
				ONLY_ACTIVE_ARCH = YES;
				SDKROOT = iphoneos;
				SWIFT_ACTIVE_COMPILATION_CONDITIONS = DEBUG;
				SWIFT_OPTIMIZATION_LEVEL = "-Onone";
			};
			name = Debug;
		};
		1F3CFEC52919534A00711122 /* Release */ = {
			isa = XCBuildConfiguration;
			buildSettings = {
				ALWAYS_SEARCH_USER_PATHS = NO;
				CLANG_ANALYZER_NONNULL = YES;
				CLANG_ANALYZER_NUMBER_OBJECT_CONVERSION = YES_AGGRESSIVE;
				CLANG_CXX_LANGUAGE_STANDARD = "gnu++20";
				CLANG_ENABLE_MODULES = YES;
				CLANG_ENABLE_OBJC_ARC = YES;
				CLANG_ENABLE_OBJC_WEAK = YES;
				CLANG_WARN_BLOCK_CAPTURE_AUTORELEASING = YES;
				CLANG_WARN_BOOL_CONVERSION = YES;
				CLANG_WARN_COMMA = YES;
				CLANG_WARN_CONSTANT_CONVERSION = YES;
				CLANG_WARN_DEPRECATED_OBJC_IMPLEMENTATIONS = YES;
				CLANG_WARN_DIRECT_OBJC_ISA_USAGE = YES_ERROR;
				CLANG_WARN_DOCUMENTATION_COMMENTS = YES;
				CLANG_WARN_EMPTY_BODY = YES;
				CLANG_WARN_ENUM_CONVERSION = YES;
				CLANG_WARN_INFINITE_RECURSION = YES;
				CLANG_WARN_INT_CONVERSION = YES;
				CLANG_WARN_NON_LITERAL_NULL_CONVERSION = YES;
				CLANG_WARN_OBJC_IMPLICIT_RETAIN_SELF = YES;
				CLANG_WARN_OBJC_LITERAL_CONVERSION = YES;
				CLANG_WARN_OBJC_ROOT_CLASS = YES_ERROR;
				CLANG_WARN_QUOTED_INCLUDE_IN_FRAMEWORK_HEADER = YES;
				CLANG_WARN_RANGE_LOOP_ANALYSIS = YES;
				CLANG_WARN_STRICT_PROTOTYPES = YES;
				CLANG_WARN_SUSPICIOUS_MOVE = YES;
				CLANG_WARN_UNGUARDED_AVAILABILITY = YES_AGGRESSIVE;
				CLANG_WARN_UNREACHABLE_CODE = YES;
				CLANG_WARN__DUPLICATE_METHOD_MATCH = YES;
				COPY_PHASE_STRIP = NO;
				DEBUG_INFORMATION_FORMAT = "dwarf-with-dsym";
				ENABLE_NS_ASSERTIONS = NO;
				ENABLE_STRICT_OBJC_MSGSEND = YES;
				GCC_C_LANGUAGE_STANDARD = gnu11;
				GCC_NO_COMMON_BLOCKS = YES;
				GCC_WARN_64_TO_32_BIT_CONVERSION = YES;
				GCC_WARN_ABOUT_RETURN_TYPE = YES_ERROR;
				GCC_WARN_UNDECLARED_SELECTOR = YES;
				GCC_WARN_UNINITIALIZED_AUTOS = YES_AGGRESSIVE;
				GCC_WARN_UNUSED_FUNCTION = YES;
				GCC_WARN_UNUSED_VARIABLE = YES;
				IPHONEOS_DEPLOYMENT_TARGET = 16.0;
				MTL_ENABLE_DEBUG_INFO = NO;
				MTL_FAST_MATH = YES;
				SDKROOT = iphoneos;
				SWIFT_COMPILATION_MODE = wholemodule;
				SWIFT_OPTIMIZATION_LEVEL = "-O";
				VALIDATE_PRODUCT = YES;
			};
			name = Release;
		};
		1F3CFEC72919534A00711122 /* Debug */ = {
			isa = XCBuildConfiguration;
			buildSettings = {
				ASSETCATALOG_COMPILER_APPICON_NAME = AppIcon;
				ASSETCATALOG_COMPILER_GLOBAL_ACCENT_COLOR_NAME = AccentColor;
				CODE_SIGN_STYLE = Automatic;
				CURRENT_PROJECT_VERSION = 1;
				GENERATE_INFOPLIST_FILE = YES;
				INFOPLIST_FILE = "Time Tracker/Info.plist";
				INFOPLIST_KEY_UIApplicationSupportsIndirectInputEvents = YES;
				INFOPLIST_KEY_UILaunchStoryboardName = LaunchScreen;
				INFOPLIST_KEY_UIMainStoryboardFile = Main;
				INFOPLIST_KEY_UISupportedInterfaceOrientations_iPad = "UIInterfaceOrientationPortrait UIInterfaceOrientationPortraitUpsideDown UIInterfaceOrientationLandscapeLeft UIInterfaceOrientationLandscapeRight";
				INFOPLIST_KEY_UISupportedInterfaceOrientations_iPhone = "UIInterfaceOrientationPortrait UIInterfaceOrientationLandscapeLeft UIInterfaceOrientationLandscapeRight";
				LD_RUNPATH_SEARCH_PATHS = (
					"$(inherited)",
					"@executable_path/Frameworks",
				);
				MARKETING_VERSION = 1.0;
				PRODUCT_BUNDLE_IDENTIFIER = "mehemmed.imayilov.Time-Tracker";
				PRODUCT_NAME = "$(TARGET_NAME)";
				SWIFT_EMIT_LOC_STRINGS = YES;
				SWIFT_VERSION = 5.0;
				TARGETED_DEVICE_FAMILY = "1,2";
			};
			name = Debug;
		};
		1F3CFEC82919534A00711122 /* Release */ = {
			isa = XCBuildConfiguration;
			buildSettings = {
				ASSETCATALOG_COMPILER_APPICON_NAME = AppIcon;
				ASSETCATALOG_COMPILER_GLOBAL_ACCENT_COLOR_NAME = AccentColor;
				CODE_SIGN_STYLE = Automatic;
				CURRENT_PROJECT_VERSION = 1;
				GENERATE_INFOPLIST_FILE = YES;
				INFOPLIST_FILE = "Time Tracker/Info.plist";
				INFOPLIST_KEY_UIApplicationSupportsIndirectInputEvents = YES;
				INFOPLIST_KEY_UILaunchStoryboardName = LaunchScreen;
				INFOPLIST_KEY_UIMainStoryboardFile = Main;
				INFOPLIST_KEY_UISupportedInterfaceOrientations_iPad = "UIInterfaceOrientationPortrait UIInterfaceOrientationPortraitUpsideDown UIInterfaceOrientationLandscapeLeft UIInterfaceOrientationLandscapeRight";
				INFOPLIST_KEY_UISupportedInterfaceOrientations_iPhone = "UIInterfaceOrientationPortrait UIInterfaceOrientationLandscapeLeft UIInterfaceOrientationLandscapeRight";
				LD_RUNPATH_SEARCH_PATHS = (
					"$(inherited)",
					"@executable_path/Frameworks",
				);
				MARKETING_VERSION = 1.0;
				PRODUCT_BUNDLE_IDENTIFIER = "mehemmed.imayilov.Time-Tracker";
				PRODUCT_NAME = "$(TARGET_NAME)";
				SWIFT_EMIT_LOC_STRINGS = YES;
				SWIFT_VERSION = 5.0;
				TARGETED_DEVICE_FAMILY = "1,2";
			};
			name = Release;
		};
		1F3CFECA2919534A00711122 /* Debug */ = {
			isa = XCBuildConfiguration;
			buildSettings = {
				ALWAYS_EMBED_SWIFT_STANDARD_LIBRARIES = YES;
				BUNDLE_LOADER = "$(TEST_HOST)";
				CODE_SIGN_STYLE = Automatic;
				CURRENT_PROJECT_VERSION = 1;
				GENERATE_INFOPLIST_FILE = YES;
				IPHONEOS_DEPLOYMENT_TARGET = 16.0;
				MARKETING_VERSION = 1.0;
				PRODUCT_BUNDLE_IDENTIFIER = "mehemmed.imayilov.Time-TrackerTests";
				PRODUCT_NAME = "$(TARGET_NAME)";
				SWIFT_EMIT_LOC_STRINGS = NO;
				SWIFT_VERSION = 5.0;
				TARGETED_DEVICE_FAMILY = "1,2";
				TEST_HOST = "$(BUILT_PRODUCTS_DIR)/Time Tracker.app/$(BUNDLE_EXECUTABLE_FOLDER_PATH)/Time Tracker";
			};
			name = Debug;
		};
		1F3CFECB2919534A00711122 /* Release */ = {
			isa = XCBuildConfiguration;
			buildSettings = {
				ALWAYS_EMBED_SWIFT_STANDARD_LIBRARIES = YES;
				BUNDLE_LOADER = "$(TEST_HOST)";
				CODE_SIGN_STYLE = Automatic;
				CURRENT_PROJECT_VERSION = 1;
				GENERATE_INFOPLIST_FILE = YES;
				IPHONEOS_DEPLOYMENT_TARGET = 16.0;
				MARKETING_VERSION = 1.0;
				PRODUCT_BUNDLE_IDENTIFIER = "mehemmed.imayilov.Time-TrackerTests";
				PRODUCT_NAME = "$(TARGET_NAME)";
				SWIFT_EMIT_LOC_STRINGS = NO;
				SWIFT_VERSION = 5.0;
				TARGETED_DEVICE_FAMILY = "1,2";
				TEST_HOST = "$(BUILT_PRODUCTS_DIR)/Time Tracker.app/$(BUNDLE_EXECUTABLE_FOLDER_PATH)/Time Tracker";
			};
			name = Release;
		};
		1F3CFECD2919534A00711122 /* Debug */ = {
			isa = XCBuildConfiguration;
			buildSettings = {
				ALWAYS_EMBED_SWIFT_STANDARD_LIBRARIES = YES;
				CODE_SIGN_STYLE = Automatic;
				CURRENT_PROJECT_VERSION = 1;
				GENERATE_INFOPLIST_FILE = YES;
				MARKETING_VERSION = 1.0;
				PRODUCT_BUNDLE_IDENTIFIER = "mehemmed.imayilov.Time-TrackerUITests";
				PRODUCT_NAME = "$(TARGET_NAME)";
				SWIFT_EMIT_LOC_STRINGS = NO;
				SWIFT_VERSION = 5.0;
				TARGETED_DEVICE_FAMILY = "1,2";
				TEST_TARGET_NAME = "Time Tracker";
			};
			name = Debug;
		};
		1F3CFECE2919534A00711122 /* Release */ = {
			isa = XCBuildConfiguration;
			buildSettings = {
				ALWAYS_EMBED_SWIFT_STANDARD_LIBRARIES = YES;
				CODE_SIGN_STYLE = Automatic;
				CURRENT_PROJECT_VERSION = 1;
				GENERATE_INFOPLIST_FILE = YES;
				MARKETING_VERSION = 1.0;
				PRODUCT_BUNDLE_IDENTIFIER = "mehemmed.imayilov.Time-TrackerUITests";
				PRODUCT_NAME = "$(TARGET_NAME)";
				SWIFT_EMIT_LOC_STRINGS = NO;
				SWIFT_VERSION = 5.0;
				TARGETED_DEVICE_FAMILY = "1,2";
				TEST_TARGET_NAME = "Time Tracker";
			};
			name = Release;
		};
/* End XCBuildConfiguration section */

/* Begin XCConfigurationList section */
		1F3CFE942919534400711122 /* Build configuration list for PBXProject "Time Tracker" */ = {
			isa = XCConfigurationList;
			buildConfigurations = (
				1F3CFEC42919534A00711122 /* Debug */,
				1F3CFEC52919534A00711122 /* Release */,
			);
			defaultConfigurationIsVisible = 0;
			defaultConfigurationName = Release;
		};
		1F3CFEC62919534A00711122 /* Build configuration list for PBXNativeTarget "Time Tracker" */ = {
			isa = XCConfigurationList;
			buildConfigurations = (
				1F3CFEC72919534A00711122 /* Debug */,
				1F3CFEC82919534A00711122 /* Release */,
			);
			defaultConfigurationIsVisible = 0;
			defaultConfigurationName = Release;
		};
		1F3CFEC92919534A00711122 /* Build configuration list for PBXNativeTarget "Time TrackerTests" */ = {
			isa = XCConfigurationList;
			buildConfigurations = (
				1F3CFECA2919534A00711122 /* Debug */,
				1F3CFECB2919534A00711122 /* Release */,
			);
			defaultConfigurationIsVisible = 0;
			defaultConfigurationName = Release;
		};
		1F3CFECC2919534A00711122 /* Build configuration list for PBXNativeTarget "Time TrackerUITests" */ = {
			isa = XCConfigurationList;
			buildConfigurations = (
				1F3CFECD2919534A00711122 /* Debug */,
				1F3CFECE2919534A00711122 /* Release */,
			);
			defaultConfigurationIsVisible = 0;
			defaultConfigurationName = Release;
		};
/* End XCConfigurationList section */

/* Begin XCVersionGroup section */
		1F3CFEA52919534400711122 /* Time_Tracker.xcdatamodeld */ = {
			isa = XCVersionGroup;
			children = (
				1F3CFEA62919534400711122 /* Time_Tracker.xcdatamodel */,
			);
			currentVersion = 1F3CFEA62919534400711122 /* Time_Tracker.xcdatamodel */;
			path = Time_Tracker.xcdatamodeld;
			sourceTree = "<group>";
			versionGroupType = wrapper.xcdatamodel;
		};
/* End XCVersionGroup section */
	};
	rootObject = 1F3CFE912919534400711122 /* Project object */;
}
